
Microsoft Visual Studio Solution File, Format Version 12.00
# Visual Studio Version 17
VisualStudioVersion = 17.7.34202.233
MinimumVisualStudioVersion = 10.0.40219.1
Project("{FAE04EC0-301F-11D3-BF4B-00C04F79EFBC}") = "Dental_Clinic_Management", "Dental_Clinic_Management\Dental_Clinic_Management.csproj", "{23F7E5AF-6460-4BE5-9452-FF0ADFBD75BD}"
EndProject
Global
	GlobalSection(SolutionConfigurationPlatforms) = preSolution
		Debug|Any CPU = Debug|Any CPU
		Release|Any CPU = Release|Any CPU
	EndGlobalSection
	GlobalSection(ProjectConfigurationPlatforms) = postSolution
		{23F7E5AF-6460-4BE5-9452-FF0ADFBD75BD}.Debug|Any CPU.ActiveCfg = Debug|Any CPU
		{23F7E5AF-6460-4BE5-9452-FF0ADFBD75BD}.Debug|Any CPU.Build.0 = Debug|Any CPU
		{23F7E5AF-6460-4BE5-9452-FF0ADFBD75BD}.Release|Any CPU.ActiveCfg = Release|Any CPU
		{23F7E5AF-6460-4BE5-9452-FF0ADFBD75BD}.Release|Any CPU.Build.0 = Release|Any CPU
	EndGlobalSection
	GlobalSection(SolutionProperties) = preSolution
		HideSolutionNode = FALSE
	EndGlobalSection
	GlobalSection(ExtensibilityGlobals) = postSolution
		SolutionGuid = {9948D6B6-51EC-4683-B350-1FE48F0E989C}
	EndGlobalSection
EndGlobal
